{
  "name": "zerosurge",
  "version": "15.0.0",
  "lockfileVersion": 3,
  "requires": true,
  "packages": {
    "": {
      "name": "zerosurge",
      "version": "15.0.0",
      "license": "MIT",
      "dependencies": {
        "betterloggingwithecho": "^1.0.0",
        "chalk": "^4.1.2",
        "immediate-error": "^6.2.0",
        "minecraft-seed-input": "^1.0.0",
        "random-number": "^0.0.9",
        "string-creashaks-organzine": "^1.0.0"
      },
      "devDependencies": {
        "@types/get-intrinsic": "^1.2.3",
        "@types/node": "^24.10.0",
        "@types/random-number": "^0.0.4",
        "assert-fn": "^1.0.1",
        "attempt-statement": "^1.1.0",
        "kleur": "^4.1.5",
        "logtoconsole": "^1.0.7",
        "noop10": "^1.0.3",
        "typescript": "^5.9.3"
      }
    },
    "node_modules/@lamansky/flatten": {
      "version": "1.0.0",
      "resolved": "https://registry.npmjs.org/@lamansky/flatten/-/flatten-1.0.0.tgz",
      "integrity": "sha512-4u7TNkdIjYD0JKwNCJFSBIwj92DN4y/+nGNHB104CmQUrNYyxwmm/fto8k7S+4H9rSeDityPyGhiPqMy4ukxYg==",
      "license": "MIT",
      "dependencies": {
        "sbo": "^1.0.0"
      },
      "engines": {
        "node": ">=6.0.0"
      }
    },
    "node_modules/@types/get-intrinsic": {
      "version": "1.2.3",
      "resolved": "https://registry.npmjs.org/@types/get-intrinsic/-/get-intrinsic-1.2.3.tgz",
      "integrity": "sha512-snGKUfZKZ4OBdh5exTMWbfCx2BgTx8QePbIg0jOawZe56AlJXRsuehT/vwZwEFW6Ac6NB0aDE6NhHsq3k0WSyQ==",
      "dev": true,
      "license": "MIT"
    },
    "node_modules/@types/node": {
      "version": "24.10.0",
      "resolved": "https://registry.npmjs.org/@types/node/-/node-24.10.0.tgz",
      "integrity": "sha512-qzQZRBqkFsYyaSWXuEHc2WR9c0a0CXwiE5FWUvn7ZM+vdy1uZLfCunD38UzhuB7YN/J11ndbDBcTmOdxJo9Q7A==",
      "dev": true,
      "license": "MIT",
      "dependencies": {
        "undici-types": "~7.16.0"
      }
    },
    "node_modules/@types/random-number": {
      "version": "0.0.4",
      "resolved": "https://registry.npmjs.org/@types/random-number/-/random-number-0.0.4.tgz",
      "integrity": "sha512-GGA776W2pt6qbwl5vj16P37byg2nUYupNS85TTjemm/wZMX2zacCQR77YtCzBIwSawDMticHEQsqlY+13zYlfQ==",
      "dev": true,
      "license": "MIT"
    },
    "node_modules/always-four": {
      "version": "1.0.0",
      "resolved": "https://registry.npmjs.org/always-four/-/always-four-1.0.0.tgz",
      "integrity": "sha512-t3shzHRcXhaOmOIbB4NgD4cIvjD6bgjsGMy0aJgDJT3SlcPqC3dzomatqn9nnEeq2ofogEAdD7VHCTM8UvJi8A==",
      "license": "UNLICENSED"
    },
    "node_modules/always-thirteen": {
      "version": "1.0.3",
      "resolved": "https://registry.npmjs.org/always-thirteen/-/always-thirteen-1.0.3.tgz",
      "integrity": "sha512-/iOEcrg6APXfpm9V2Cf/5hs3Ub1SssDuqjwdY9lwp/9L7hfl3Co4/G9eFVspspLEG5IrmvcV4665rO+qj13dSw==",
      "license": "ISC"
    },
    "node_modules/ansi-styles": {
      "version": "4.3.0",
      "resolved": "https://registry.npmjs.org/ansi-styles/-/ansi-styles-4.3.0.tgz",
      "integrity": "sha512-zbB9rCJAT1rbjiVDb2hqKFHNYLxgtk8NURxZ3IZwD3F6NtxbXZQCnnSi1Lkx+IDohdPlFp222wVALIheZJQSEg==",
      "license": "MIT",
      "dependencies": {
        "color-convert": "^2.0.1"
      },
      "engines": {
        "node": ">=8"
      },
      "funding": {
        "url": "https://github.com/chalk/ansi-styles?sponsor=1"
      }
    },
    "node_modules/array-pad": {
      "version": "0.0.1",
      "resolved": "https://registry.npmjs.org/array-pad/-/array-pad-0.0.1.tgz",
      "integrity": "sha512-uVzGjO5dqUHanQoCWJFEsf4boWOagEGQAx4HY67s0mYYmzo1eXnV12SOpH9v1lNfop6bUyBUI+IJlOofMUgZAg==",
      "license": "MIT"
    },
    "node_modules/arrify": {
      "version": "1.0.1",
      "resolved": "https://registry.npmjs.org/arrify/-/arrify-1.0.1.tgz",
      "integrity": "sha512-3CYzex9M9FGQjCGMGyi6/31c8GJbgb0qGyrx5HWxPd0aCwh4cB2YjMb2Xf9UuoogrMrlO9cTqnB5rI5GHZTcUA==",
      "license": "MIT",
      "engines": {
        "node": ">=0.10.0"
      }
    },
    "node_modules/assert-fn": {
      "version": "1.0.1",
      "resolved": "https://registry.npmjs.org/assert-fn/-/assert-fn-1.0.1.tgz",
      "integrity": "sha512-YA23prfdIZozmfSSKlRuypxG6xfoJdFDZ5ZwXpvYSEfQcpOm6tKWt7R71Bgc7OIQL8EEmOwSn1bXFmBt9B+uQw==",
      "license": "UNLICENSED",
      "dependencies": {
        "none": "^1.0.0",
        "vanilla-javascript": "^1.1.1"
      }
    },
    "node_modules/attempt-statement": {
      "version": "1.1.0",
      "resolved": "https://registry.npmjs.org/attempt-statement/-/attempt-statement-1.1.0.tgz",
      "integrity": "sha512-uTrlrba1mTOTlnCD4tOhDiRv2kDEZNfjMNzVgr2WYnc5zmMqP1HE95U+gdwke+vEUjNdEbrVWrnk0s5YsU/gHQ==",
      "dev": true,
      "license": "UNLICENSED"
    },
    "node_modules/betterloggingwithecho": {
      "version": "1.0.0",
      "resolved": "https://registry.npmjs.org/betterloggingwithecho/-/betterloggingwithecho-1.0.0.tgz",
      "integrity": "sha512-TuHLVGfDEe/yt0SqT29gYBpt9OnNAgP5y2XVTOP658kFe6qfTBn7zFWyeuo+dwJc+bujdgpCUDZSqUQcWYGK/Q==",
      "license": "UNLICENSED",
      "dependencies": {
        "logtoconsole": "^1.0.7"
      }
    },
    "node_modules/call-bind-apply-helpers": {
      "version": "1.0.2",
      "resolved": "https://registry.npmjs.org/call-bind-apply-helpers/-/call-bind-apply-helpers-1.0.2.tgz",
      "integrity": "sha512-Sp1ablJ0ivDkSzjcaJdxEunN5/XvksFJ2sMBFfq6x0ryhQV/2b/KwFe21cMpmHtPOSij8K99/wSfoEuTObmuMQ==",
      "license": "MIT",
      "dependencies": {
        "es-errors": "^1.3.0",
        "function-bind": "^1.1.2"
      },
      "engines": {
        "node": ">= 0.4"
      }
    },
    "node_modules/call-bound": {
      "version": "1.0.4",
      "resolved": "https://registry.npmjs.org/call-bound/-/call-bound-1.0.4.tgz",
      "integrity": "sha512-+ys997U96po4Kx/ABpBCqhA9EuxJaQWDQg7295H4hBphv3IZg0boBKuwYpt4YXp6MZ5AmZQnU/tyMTlRpaSejg==",
      "license": "MIT",
      "dependencies": {
        "call-bind-apply-helpers": "^1.0.2",
        "get-intrinsic": "^1.3.0"
      },
      "engines": {
        "node": ">= 0.4"
      },
      "funding": {
        "url": "https://github.com/sponsors/ljharb"
      }
    },
    "node_modules/case-insensitive": {
      "version": "1.0.0",
      "resolved": "https://registry.npmjs.org/case-insensitive/-/case-insensitive-1.0.0.tgz",
      "integrity": "sha512-dnPuuPchX250ivRdSGfiqlgJ3eJYmxGx9WiCNIxVjjIYd7dXSLx2c4kFJOiVvdvrxxZagqPSgnLGR58EMKhznA==",
      "license": "MIT",
      "engines": {
        "node": ">=6.0.0"
      }
    },
    "node_modules/chalk": {
      "version": "4.1.2",
      "resolved": "https://registry.npmjs.org/chalk/-/chalk-4.1.2.tgz",
      "integrity": "sha512-oKnbhFyRIXpUuez8iBMmyEa4nbj4IOQyuhc/wy9kY7/WVPcwIO9VA668Pu8RkO7+0G76SLROeyw9CpQ061i4mA==",
      "license": "MIT",
      "dependencies": {
        "ansi-styles": "^4.1.0",
        "supports-color": "^7.1.0"
      },
      "engines": {
        "node": ">=10"
      },
      "funding": {
        "url": "https://github.com/chalk/chalk?sponsor=1"
      }
    },
    "node_modules/class-chain": {
      "version": "1.0.0",
      "resolved": "https://registry.npmjs.org/class-chain/-/class-chain-1.0.0.tgz",
      "integrity": "sha512-Mjg98B+B9UDbQhqfqlfU7mppgXpWcsMIK/1Y4hwjQjGKnrcnruTBy8aU/plC32ss8qn3cEShYDxptHSk4LIgVQ==",
      "license": "MIT",
      "dependencies": {
        "is-object": "^1.0.1"
      },
      "engines": {
        "node": ">=4.0.0"
      }
    },
    "node_modules/color-convert": {
      "version": "2.0.1",
      "resolved": "https://registry.npmjs.org/color-convert/-/color-convert-2.0.1.tgz",
      "integrity": "sha512-RRECPsj7iu/xb5oKYcsFHSppFNnsj/52OVTRKb4zP5onXwVF3zVmmToNcOfGC+CRDpfK/U584fMg38ZHCaElKQ==",
      "license": "MIT",
      "dependencies": {
        "color-name": "~1.1.4"
      },
      "engines": {
        "node": ">=7.0.0"
      }
    },
    "node_modules/color-name": {
      "version": "1.1.4",
      "resolved": "https://registry.npmjs.org/color-name/-/color-name-1.1.4.tgz",
      "integrity": "sha512-dOy+3AuW3a2wNbZHIuMZpTcgjGuLU/uBL/ubcZF9OXbDo8ff4O8yVp5Bf0efS8uEoYo5q4Fx7dY9OgQGXgAsQA==",
      "license": "MIT"
    },
    "node_modules/compute-hmean": {
      "version": "1.0.0",
      "resolved": "https://registry.npmjs.org/compute-hmean/-/compute-hmean-1.0.0.tgz",
      "integrity": "sha512-6PT9/rUOdxE0p2HZLuG+TOrWcYPfAYsbaQEQp4Em3CjYymMeP00kpL4FFLNzR1xOMdarVQVka+lFvVLby+yG9g=="
    },
    "node_modules/concatenater": {
      "version": "0.0.5",
      "resolved": "https://registry.npmjs.org/concatenater/-/concatenater-0.0.5.tgz",
      "integrity": "sha512-d6KGOZiWKzNp9qAhfwG3QkzjsjDQ/9AW23NkalVKQrH0prJ7yLAobnJuxUwooto0vjOA5oxMkC3VI/EAVyJYjw==",
      "license": "MIT",
      "engines": {
        "node": ">=8"
      }
    },
    "node_modules/copy-own": {
      "version": "1.2.0",
      "resolved": "https://registry.npmjs.org/copy-own/-/copy-own-1.2.0.tgz",
      "integrity": "sha512-YBWaRsqGUKW65je5Wr1gjaSmbIzioa/T8itzCBIqp8UXjNjvJKMTJv9jRx15xdGisl2ZJEGZDudkgnGDgpWSEA==",
      "license": "MIT",
      "engines": {
        "node": ">=6.0.0"
      }
    },
    "node_modules/dunder-proto": {
      "version": "1.0.1",
      "resolved": "https://registry.npmjs.org/dunder-proto/-/dunder-proto-1.0.1.tgz",
      "integrity": "sha512-KIN/nDJBQRcXw0MLVhZE9iQHmG68qAVIBg9CqmUYjmQIhgij9U5MFvrqkUL5FbtyyzZuOeOt0zdeRe4UY7ct+A==",
      "license": "MIT",
      "dependencies": {
        "call-bind-apply-helpers": "^1.0.1",
        "es-errors": "^1.3.0",
        "gopd": "^1.2.0"
      },
      "engines": {
        "node": ">= 0.4"
      }
    },
    "node_modules/english-list": {
      "version": "1.0.0",
      "resolved": "https://registry.npmjs.org/english-list/-/english-list-1.0.0.tgz",
      "integrity": "sha512-bymeFA1uVYM4Bt4aLvV36X9iYk7GrG2IN1HmL1CTueRSYJLYQTXJjbqOyUGmYgfrrS3fxqs1iEU/bIiHLuneRA==",
      "license": "MIT"
    },
    "node_modules/es-define-property": {
      "version": "1.0.1",
      "resolved": "https://registry.npmjs.org/es-define-property/-/es-define-property-1.0.1.tgz",
      "integrity": "sha512-e3nRfgfUZ4rNGL232gUgX06QNyyez04KdjFrF+LTRoOXmrOgFKDg4BCdsjW8EnT69eqdYGmRpJwiPVYNrCaW3g==",
      "license": "MIT",
      "engines": {
        "node": ">= 0.4"
      }
    },
    "node_modules/es-errors": {
      "version": "1.3.0",
      "resolved": "https://registry.npmjs.org/es-errors/-/es-errors-1.3.0.tgz",
      "integrity": "sha512-Zf5H2Kxt2xjTvbJvP2ZWLEICxA6j+hAmMzIlypy4xcBg1vKVnx89Wy0GbS+kf5cwCVFFzdCFh2XSCFNULS6csw==",
      "license": "MIT",
      "engines": {
        "node": ">= 0.4"
      }
    },
    "node_modules/es-object-atoms": {
      "version": "1.1.1",
      "resolved": "https://registry.npmjs.org/es-object-atoms/-/es-object-atoms-1.1.1.tgz",
      "integrity": "sha512-FGgH2h8zKNim9ljj7dankFPcICIK9Cp5bm+c2gQSYePhpaG5+esrLODihIorn+Pe6FGJzWhXQotPv73jTaldXA==",
      "license": "MIT",
      "dependencies": {
        "es-errors": "^1.3.0"
      },
      "engines": {
        "node": ">= 0.4"
      }
    },
    "node_modules/ffn": {
      "version": "2.1.0",
      "resolved": "https://registry.npmjs.org/ffn/-/ffn-2.1.0.tgz",
      "integrity": "sha512-4RAYssW5tXRqsXfRRMLYZN5ze+JBBCaLhgv5sBQYyMturfeU+CAYnYIz7TS7Qzv9wgBAkvQF8w6XtIWTfHM26w==",
      "license": "MIT",
      "engines": {
        "node": ">=6.0.0"
      }
    },
    "node_modules/fifteen-kilos": {
      "version": "2.0.0",
      "resolved": "https://registry.npmjs.org/fifteen-kilos/-/fifteen-kilos-2.0.0.tgz",
      "integrity": "sha512-YxiUYqD8xkY+8hMu11Lqlrbde4VAk8SQ5yobuec2mVBUiwFxasEUyaKWNmsoaRaO3lXBJ6YRM2C8+9FoPrIhjw==",
      "license": "MIT"
    },
    "node_modules/fifteen-point-eight-three-five-two-six-six-eight-two-and-so-on": {
      "version": "1.0.0",
      "resolved": "https://registry.npmjs.org/fifteen-point-eight-three-five-two-six-six-eight-two-and-so-on/-/fifteen-point-eight-three-five-two-six-six-eight-two-and-so-on-1.0.0.tgz",
      "integrity": "sha512-YROmA4J4vP0HgN8Qds1lpWNKSDVk85+EPEmFytWmCJc3Pa1IZ4XuuV+YHB0ohNv5h6maqTqY2LvI8R/AlGOVTA==",
      "license": "MIT",
      "dependencies": {
        "always-thirteen": "^1.0.3",
        "compute-hmean": "^1.0.0",
        "fourteen": "^2.0.0",
        "meaning-of-life": "^1.0.0",
        "number-fifteen": "^1.0.0"
      }
    },
    "node_modules/five": {
      "version": "0.8.0",
      "resolved": "https://registry.npmjs.org/five/-/five-0.8.0.tgz",
      "integrity": "sha512-kx1sT4ZGNZQfOY31NBPJnbPjQ4BLinR9Wu9pmkUYlwx3A9U9QxJGhk2Ro4Fs2Ayn4tptVep/n8vjydKBVUKHYg==",
      "license": "MIT"
    },
    "node_modules/fourteen": {
      "version": "2.0.0",
      "resolved": "https://registry.npmjs.org/fourteen/-/fourteen-2.0.0.tgz",
      "integrity": "sha512-02tlu8TZYwMMN1fwUJOptYZD+WVDbF9I04Z9I6zQTfrk+VERFzoWlhvpiogwddILeg01HxXyGVol3FQwoJ4TJg==",
      "license": "MIT",
      "dependencies": {
        "always-thirteen": "^1.0.3",
        "successor": "^1.0.0"
      }
    },
    "node_modules/function-bind": {
      "version": "1.1.2",
      "resolved": "https://registry.npmjs.org/function-bind/-/function-bind-1.1.2.tgz",
      "integrity": "sha512-7XHNxH7qX9xG5mIwxkhumTox/MIRNcOgDrxWsMt2pAr23WHp6MrRlN7FBSFpCpr+oVO0F744iUgR82nJMfG2SA==",
      "license": "MIT",
      "funding": {
        "url": "https://github.com/sponsors/ljharb"
      }
    },
    "node_modules/general-concat": {
      "version": "1.0.0",
      "resolved": "https://registry.npmjs.org/general-concat/-/general-concat-1.0.0.tgz",
      "integrity": "sha512-QfRYd9aBv+EsJQiWEd5Kqkr8j5QOw5U05l4wzKt2UCo0f2eCOGwhM7RFqyBKzM1MMcbh2yEs37mJj5XuCD0ONA==",
      "license": "ISC",
      "dependencies": {
        "to-str": "^1.0.0"
      }
    },
    "node_modules/get-intrinsic": {
      "version": "1.3.0",
      "resolved": "https://registry.npmjs.org/get-intrinsic/-/get-intrinsic-1.3.0.tgz",
      "integrity": "sha512-9fSjSaos/fRIVIp+xSJlE6lfwhES7LNtKaCBIamHsjr2na1BiABJPo0mOjjz8GJDURarmCPGqaiVg5mfjb98CQ==",
      "license": "MIT",
      "dependencies": {
        "call-bind-apply-helpers": "^1.0.2",
        "es-define-property": "^1.0.1",
        "es-errors": "^1.3.0",
        "es-object-atoms": "^1.1.1",
        "function-bind": "^1.1.2",
        "get-proto": "^1.0.1",
        "gopd": "^1.2.0",
        "has-symbols": "^1.1.0",
        "hasown": "^2.0.2",
        "math-intrinsics": "^1.1.0"
      },
      "engines": {
        "node": ">= 0.4"
      },
      "funding": {
        "url": "https://github.com/sponsors/ljharb"
      }
    },
    "node_modules/get-proto": {
      "version": "1.0.1",
      "resolved": "https://registry.npmjs.org/get-proto/-/get-proto-1.0.1.tgz",
      "integrity": "sha512-sTSfBjoXBp89JvIKIefqw7U2CCebsc74kiY6awiGogKtoSGbgjYE/G/+l9sF3MWFPNc9IcoOC4ODfKHfxFmp0g==",
      "license": "MIT",
      "dependencies": {
        "dunder-proto": "^1.0.1",
        "es-object-atoms": "^1.0.0"
      },
      "engines": {
        "node": ">= 0.4"
      }
    },
    "node_modules/gopd": {
      "version": "1.2.0",
      "resolved": "https://registry.npmjs.org/gopd/-/gopd-1.2.0.tgz",
      "integrity": "sha512-ZUKRh6/kUFoAiTAtTYPZJ3hw9wNxx+BIBOijnlG9PnrJsCcSjs1wyyD6vJpaYtgnzDrKYRSqf3OO6Rfa93xsRg==",
      "license": "MIT",
      "engines": {
        "node": ">= 0.4"
      },
      "funding": {
        "url": "https://github.com/sponsors/ljharb"
      }
    },
    "node_modules/has-duplicates": {
      "version": "1.0.0",
      "resolved": "https://registry.npmjs.org/has-duplicates/-/has-duplicates-1.0.0.tgz",
      "integrity": "sha512-hZQnmfSBopwmRuMMvX64DBUDc/yp67J8CVhazVXV+ARa0L3r8suf1g4iS2oDsWHld0JE5G6yeNQsqCJ7CQ4JqA==",
      "license": "MIT",
      "engines": {
        "node": ">=0.12.0"
      }
    },
    "node_modules/has-flag": {
      "version": "4.0.0",
      "resolved": "https://registry.npmjs.org/has-flag/-/has-flag-4.0.0.tgz",
      "integrity": "sha512-EykJT/Q1KjTWctppgIAgfSO0tKVuZUjhgMr17kqTumMl6Afv3EISleU7qZUzoXDFTAHTDC4NOoG/ZxU3EvlMPQ==",
      "license": "MIT",
      "engines": {
        "node": ">=8"
      }
    },
    "node_modules/has-self-equality": {
      "version": "0.0.1",
      "resolved": "https://registry.npmjs.org/has-self-equality/-/has-self-equality-0.0.1.tgz",
      "integrity": "sha512-O8IVgMswjdeqPwaoOREobyyMbWZdC/NVP1Qu+Mv/dk3DYG4Zdt7qy29uxsndmcULHWI0kolp8m5dH9nSDVFASA==",
      "license": "MIT",
      "dependencies": {
        "none": "^1.0.0",
        "vanilla-javascript": "^1.1.1"
      }
    },
    "node_modules/has-symbols": {
      "version": "1.1.0",
      "resolved": "https://registry.npmjs.org/has-symbols/-/has-symbols-1.1.0.tgz",
      "integrity": "sha512-1cDNdwJ2Jaohmb3sg4OmKaMBwuC48sYni5HUw2DvsC8LjGTLK9h+eb1X6RyuOHe4hT0ULCW68iomhjUoKUqlPQ==",
      "license": "MIT",
      "engines": {
        "node": ">= 0.4"
      },
      "funding": {
        "url": "https://github.com/sponsors/ljharb"
      }
    },
    "node_modules/has-tostringtag": {
      "version": "1.0.2",
      "resolved": "https://registry.npmjs.org/has-tostringtag/-/has-tostringtag-1.0.2.tgz",
      "integrity": "sha512-NqADB8VjPFLM2V0VvHUewwwsw0ZWBaIdgo+ieHtK3hasLz4qeCRjYcqfB6AQrBggRKppKF8L52/VqdVsO47Dlw==",
      "license": "MIT",
      "dependencies": {
        "has-symbols": "^1.0.3"
      },
      "engines": {
        "node": ">= 0.4"
      },
      "funding": {
        "url": "https://github.com/sponsors/ljharb"
      }
    },
    "node_modules/hasown": {
      "version": "2.0.2",
      "resolved": "https://registry.npmjs.org/hasown/-/hasown-2.0.2.tgz",
      "integrity": "sha512-0hJU9SCPvmMzIBdZFqNPXWa6dqh7WdH0cII9y+CyS8rG3nL48Bclra9HmKhVVUHyPWNH5Y7xDwAB7bfgSjkUMQ==",
      "license": "MIT",
      "dependencies": {
        "function-bind": "^1.1.2"
      },
      "engines": {
        "node": ">= 0.4"
      }
    },
    "node_modules/if": {
      "version": "2.0.0",
      "resolved": "https://registry.npmjs.org/if/-/if-2.0.0.tgz",
      "integrity": "sha512-7ApdCMtv9ytVMhse+A0aNJk0tRe4nlD4o9zf5bU8xnqZhwtWLchAHrjCtgf10bdM3VEY4kUqb7x+GPntKumzKA==",
      "license": "MIT"
    },
    "node_modules/immediate-error": {
      "version": "6.2.0",
      "resolved": "https://registry.npmjs.org/immediate-error/-/immediate-error-6.2.0.tgz",
      "integrity": "sha512-ykBzGSKXvGqv2APDIexre+1/EOsiyBBVb/TgzURqf//4Hj0plBbpODlhSxRXPAMrC50wkFUy3FvoDcHJj35LOg==",
      "license": "UNLICENSED",
      "dependencies": {
        "always-four": "^1.0.0",
        "assert-fn": "^1.0.1",
        "es-errors": "^1.3.0",
        "five": "^0.8.0",
        "get-intrinsic": "^1.3.0",
        "has-self-equality": "^0.0.1",
        "if": "^2.0.0",
        "is-error": "^2.2.2",
        "none": "^1.0.0",
        "noop10": "^1.0.3",
        "number-six": "^1.0.1",
        "number-zero": "^1.0.3",
        "numeric-constant-three": "^1.0.0",
        "se7en": "^1.0.0",
        "the-number-one": "^1.0.1",
        "throw-error": "^1.0.0",
        "two": "^1.0.7",
        "vanilla-javascript": "^1.1.1",
        "yanoop": "^1.0.0"
      }
    },
    "node_modules/is-error": {
      "version": "2.2.2",
      "resolved": "https://registry.npmjs.org/is-error/-/is-error-2.2.2.tgz",
      "integrity": "sha512-IOQqts/aHWbiisY5DuPJQ0gcbvaLFCa7fBa9xoLfxBZvQ+ZI/Zh9xoI7Gk+G64N0FdK4AbibytHht2tWgpJWLg==",
      "license": "MIT"
    },
    "node_modules/is-function": {
      "version": "1.0.2",
      "resolved": "https://registry.npmjs.org/is-function/-/is-function-1.0.2.tgz",
      "integrity": "sha512-lw7DUp0aWXYg+CBCN+JKkcE0Q2RayZnSvnZBlwgxHBQhqt5pZNVy4Ri7H9GmmXkdu7LUthszM+Tor1u/2iBcpQ==",
      "license": "MIT"
    },
    "node_modules/is-global-object": {
      "version": "1.0.0",
      "resolved": "https://registry.npmjs.org/is-global-object/-/is-global-object-1.0.0.tgz",
      "integrity": "sha512-THgJ/n1Ndja7FZ6YksPlhcLsl1Z34LfYT1maxuKYtt4CT/apnFwhlb2U+HVm8u9tySJL12NPV+u4USUJ4p0GRQ==",
      "license": "MIT",
      "engines": {
        "node": ">=4.0.0"
      }
    },
    "node_modules/is-instance-of": {
      "version": "1.0.2",
      "resolved": "https://registry.npmjs.org/is-instance-of/-/is-instance-of-1.0.2.tgz",
      "integrity": "sha512-n4ZY/J5l9IAhuEfYPpcEHKfQ+jGOHS5iqWuoTsGenv08/wGC5z3T+jN9qGQrWspFGLOhAfxRlxF8hB1iQ/aY5w==",
      "license": "MIT",
      "dependencies": {
        "@lamansky/flatten": "^1.0.0",
        "arrify": "^1.0.1",
        "case-insensitive": "^1.0.0",
        "class-chain": "^1.0.0",
        "is-obj": "^1.0.1",
        "qfn": "^1.0.1",
        "sbo": "^1.1.0"
      },
      "engines": {
        "node": ">=6"
      }
    },
    "node_modules/is-negative": {
      "version": "2.1.0",
      "resolved": "https://registry.npmjs.org/is-negative/-/is-negative-2.1.0.tgz",
      "integrity": "sha512-+iCKT4ZcvjRnjkHnQjZ8/qfciLLGD8BFKS0GNR5VjDU6jEiwh899R0GSMkaYcuTNd7fEKXb3Qib0webe6HczNw==",
      "license": "MIT",
      "engines": {
        "node": ">=0.10.0"
      }
    },
    "node_modules/is-nil": {
      "version": "1.0.1",
      "resolved": "https://registry.npmjs.org/is-nil/-/is-nil-1.0.1.tgz",
      "integrity": "sha512-m2Rm8PhUFDNNhgvwZJjJG74a9h5CHU0fkA8WT+WGlCjyEbZ2jPwgb+ZxHu4np284EqNVyOsgppReK4qy/TwEwg==",
      "license": "MIT"
    },
    "node_modules/is-number": {
      "version": "7.0.0",
      "resolved": "https://registry.npmjs.org/is-number/-/is-number-7.0.0.tgz",
      "integrity": "sha512-41Cifkg6e8TylSpdtTpeLVMqvSBEVzTttHvERD741+pnZ8ANv0004MRL43QKPDlK9cGvNp6NZWZUBlbGXYxxng==",
      "license": "MIT",
      "engines": {
        "node": ">=0.12.0"
      }
    },
    "node_modules/is-obj": {
      "version": "1.0.1",
      "resolved": "https://registry.npmjs.org/is-obj/-/is-obj-1.0.1.tgz",
      "integrity": "sha512-l4RyHgRqGN4Y3+9JHVrNqO+tN0rV5My76uW5/nuO4K1b6vw5G8d/cmFjP9tRfEsdhZNt0IFdZuK/c2Vr4Nb+Qg==",
      "license": "MIT",
      "engines": {
        "node": ">=0.10.0"
      }
    },
    "node_modules/is-object": {
      "version": "1.0.2",
      "resolved": "https://registry.npmjs.org/is-object/-/is-object-1.0.2.tgz",
      "integrity": "sha512-2rRIahhZr2UWb45fIOuvZGpFtz0TyOZLf32KxBbSoUCeZR495zCKlWUKKUByk3geS2eAs7ZAABt0Y/Rx0GiQGA==",
      "license": "MIT",
      "funding": {
        "url": "https://github.com/sponsors/ljharb"
      }
    },
    "node_modules/is-plain-object": {
      "version": "2.0.4",
      "resolved": "https://registry.npmjs.org/is-plain-object/-/is-plain-object-2.0.4.tgz",
      "integrity": "sha512-h5PpgXkWitc38BBMYawTYMWJHFZJVnBquFE57xFpjB8pJFiF6gZ+bU+WyI/yqXiFR5mdLsgYNaPe8uao6Uv9Og==",
      "license": "MIT",
      "dependencies": {
        "isobject": "^3.0.1"
      },
      "engines": {
        "node": ">=0.10.0"
      }
    },
    "node_modules/is-positive-integer": {
      "version": "1.1.1",
      "resolved": "https://registry.npmjs.org/is-positive-integer/-/is-positive-integer-1.1.1.tgz",
      "integrity": "sha512-T6luDwx35p373DEOLlrsJ2OBg13BPu5XJqrUTKatMBJz0zaNgbv14evf/1Ktv0WuGl/iPUbbgjTNpVEI23Ijog==",
      "license": "MIT"
    },
    "node_modules/is-regex": {
      "version": "1.2.1",
      "resolved": "https://registry.npmjs.org/is-regex/-/is-regex-1.2.1.tgz",
      "integrity": "sha512-MjYsKHO5O7mCsmRGxWcLWheFqN9DJ/2TmngvjKXihe6efViPqc274+Fx/4fYj/r03+ESvBdTXK0V6tA3rgez1g==",
      "license": "MIT",
      "dependencies": {
        "call-bound": "^1.0.2",
        "gopd": "^1.2.0",
        "has-tostringtag": "^1.0.2",
        "hasown": "^2.0.2"
      },
      "engines": {
        "node": ">= 0.4"
      },
      "funding": {
        "url": "https://github.com/sponsors/ljharb"
      }
    },
    "node_modules/is-symbol": {
      "version": "1.1.1",
      "resolved": "https://registry.npmjs.org/is-symbol/-/is-symbol-1.1.1.tgz",
      "integrity": "sha512-9gGx6GTtCQM73BgmHQXfDmLtfjjTUDSyoxTCbp5WtoixAhfgsDirWIcVQ/IHpvI5Vgd5i/J5F7B9cN/WlVbC/w==",
      "license": "MIT",
      "dependencies": {
        "call-bound": "^1.0.2",
        "has-symbols": "^1.1.0",
        "safe-regex-test": "^1.1.0"
      },
      "engines": {
        "node": ">= 0.4"
      },
      "funding": {
        "url": "https://github.com/sponsors/ljharb"
      }
    },
    "node_modules/isobject": {
      "version": "3.0.1",
      "resolved": "https://registry.npmjs.org/isobject/-/isobject-3.0.1.tgz",
      "integrity": "sha512-WhB9zCku7EGTj/HQQRz5aUQEUeoQZH2bWcltRErOpymJ4boYE6wL9Tbr23krRPSZ+C5zqNSrSw+Cc7sZZ4b7vg==",
      "license": "MIT",
      "engines": {
        "node": ">=0.10.0"
      }
    },
    "node_modules/jsfruit": {
      "version": "1.1.0",
      "resolved": "https://registry.npmjs.org/jsfruit/-/jsfruit-1.1.0.tgz",
      "integrity": "sha512-On3qd9PNYR+3i6U4bzEV0y8X4x+ApKckb/sGkre/Z3cupJk3rukKkK9Ct2IdBRbuosA2L5OQipjWKgON4esKvg==",
      "license": "MIT"
    },
    "node_modules/kleur": {
      "version": "4.1.5",
      "resolved": "https://registry.npmjs.org/kleur/-/kleur-4.1.5.tgz",
      "integrity": "sha512-o+NO+8WrRiQEE4/7nwRJhN1HWpVmJm511pBHUxPLtp0BUISzlBplORYSmTclCnJvQq2tKu/sgl3xVpkc7ZWuQQ==",
      "dev": true,
      "license": "MIT",
      "engines": {
        "node": ">=6"
      }
    },
    "node_modules/letter-i": {
      "version": "1.0.0",
      "resolved": "https://registry.npmjs.org/letter-i/-/letter-i-1.0.0.tgz",
      "integrity": "sha512-Pe1h/yL5NlBGTPko/ONVMsmxdKLasMzPIOoCRmwKojPRa2CNEPQ1NCu0vMj4ydLtG9GLKDMRdobOyhQRf4uzgA==",
      "license": "ISC"
    },
    "node_modules/letter-z": {
      "version": "1.0.0",
      "resolved": "https://registry.npmjs.org/letter-z/-/letter-z-1.0.0.tgz",
      "integrity": "sha512-oKg8XU4g1AdjI5jnPVdLUk8NevocPJ6njw35nI8++Zw4TpvbC36iP1CvjgkroD8HzyeJydwtwmAdobTcslBdHA==",
      "license": "ISC"
    },
    "node_modules/libguacamole": {
      "version": "1.0.0",
      "resolved": "https://registry.npmjs.org/libguacamole/-/libguacamole-1.0.0.tgz",
      "integrity": "sha512-M6hklU9K2XU5KuoPq+2js5362RbvnKm5N2cy3mxIaivVvWTaqFX2Og/hB+YVTaGUFWfRtu1pvsH9jJ7M6rLI0A==",
      "license": "MIT",
      "dependencies": {
        "is-positive-integer": "^1.1.1"
      }
    },
    "node_modules/libperson": {
      "version": "1.0.0",
      "resolved": "https://registry.npmjs.org/libperson/-/libperson-1.0.0.tgz",
      "integrity": "sha512-Eos5ZmYW2dhPZEMIRgskDQOXuH9u99f7R11eqQhLWMyMam2xc0AsVxgoEH3xGsLvExkkfvhhkHOawLMIiR0EYw==",
      "license": "MIT",
      "dependencies": {
        "jsfruit": "^1.1.0",
        "libvegetable": "^1.0.0"
      }
    },
    "node_modules/libvegetable": {
      "version": "1.0.0",
      "resolved": "https://registry.npmjs.org/libvegetable/-/libvegetable-1.0.0.tgz",
      "integrity": "sha512-qSRAZ40DZpFv7wN8U6LCOZUcolZMZDyM0+0k8KR+3zQqE3+0j4ZU9Xx81VWXZ0j+ssOeje3qv82vyCl5g/53cw==",
      "license": "MIT",
      "dependencies": {
        "jsfruit": "^1.1.0",
        "libguacamole": "^1.0.0"
      }
    },
    "node_modules/lodash": {
      "version": "4.17.21",
      "resolved": "https://registry.npmjs.org/lodash/-/lodash-4.17.21.tgz",
      "integrity": "sha512-v2kDEe57lecTulaDIuNTPy3Ry4gLGJ6Z1O3vE1krgXZNrsQ+LFTGHVxVjcXPs17LhbZVGedAJv8XZ1tvj5FvSg==",
      "license": "MIT"
    },
    "node_modules/lodash.set": {
      "version": "4.3.2",
      "resolved": "https://registry.npmjs.org/lodash.set/-/lodash.set-4.3.2.tgz",
      "integrity": "sha512-4hNPN5jlm/N/HLMCO43v8BXKq9Z7QdAGc/VGrRD61w8gN9g/6jF9A4L1pbUgBLCffi0w9VsXfTOij5x8iTyFvg==",
      "license": "MIT"
    },
    "node_modules/logtoconsole": {
      "version": "1.0.7",
      "resolved": "https://registry.npmjs.org/logtoconsole/-/logtoconsole-1.0.7.tgz",
      "integrity": "sha512-052Q07osn4fKX5de0TzddkAl5luBRjXEWWWDiOTvkGyEUsa72uyFtNGqO9VqNYHDuDg0x1Nhky2v+QWrEFj5ig==",
      "license": "ISC"
    },
    "node_modules/math-intrinsics": {
      "version": "1.1.0",
      "resolved": "https://registry.npmjs.org/math-intrinsics/-/math-intrinsics-1.1.0.tgz",
      "integrity": "sha512-/IXtbwEk5HTPyEwyKX6hGkYXxM9nbj64B+ilVJnC/R6B0pH5G4V3b0pVbL7DBj4tkhBAppbQUlf6F6Xl9LHu1g==",
      "license": "MIT",
      "engines": {
        "node": ">= 0.4"
      }
    },
    "node_modules/meaning-of-life": {
      "version": "1.0.0",
      "resolved": "https://registry.npmjs.org/meaning-of-life/-/meaning-of-life-1.0.0.tgz",
      "integrity": "sha512-fVA4xSydqtK9owabGcYw1r4EKEsMOVVeYQLeCXPu77Z+8Y2j2B2I16UqZlKIOHnYkJ4RSvpJ00ywy9IWjmuxYw==",
      "license": "ISC"
    },
    "node_modules/minecraft-seed-input": {
      "version": "1.0.0",
      "resolved": "https://registry.npmjs.org/minecraft-seed-input/-/minecraft-seed-input-1.0.0.tgz",
      "integrity": "sha512-Yop6O9XZ8z8srT3bgYhF4h7GmbX6nZsxBxDyHPMI5g43r8gup6ncLbxP5jqH0WXetyqNnnx2m7pwvMPlYlq/yw==",
      "license": "MIT"
    },
    "node_modules/none": {
      "version": "1.0.0",
      "resolved": "https://registry.npmjs.org/none/-/none-1.0.0.tgz",
      "integrity": "sha512-i7zGuWTL3GPeD6N6qm8dP7dpxI6Tj/NXACKZh1j2b/P0/h3Drv5r074gyAwuENJ0A7H9JJb0ic2spGbliXhMdA==",
      "license": "Apache-2.0"
    },
    "node_modules/noop10": {
      "version": "1.0.3",
      "resolved": "https://registry.npmjs.org/noop10/-/noop10-1.0.3.tgz",
      "integrity": "sha512-5IFhUVIX+Ado7bVr52Ts8wG3tau+kGPa03xXI2nb54qzxn3Qx84nw00kI8X18Dv+WZjdRUR8O0u8hNgnVT+ocQ==",
      "license": "MIT"
    },
    "node_modules/number-fifteen": {
      "version": "1.0.0",
      "resolved": "https://registry.npmjs.org/number-fifteen/-/number-fifteen-1.0.0.tgz",
      "integrity": "sha512-tHo4gkPrjk3btwqihVtb/7chiEYMhOZsGY4LqnnWxFTByMWM705Z1hQLGkolk8cwMXf4zAuHTxZiHEoLicbHNw==",
      "license": "MIT",
      "dependencies": {
        "fifteen-kilos": "^2.0.0"
      }
    },
    "node_modules/number-six": {
      "version": "1.0.1",
      "resolved": "https://registry.npmjs.org/number-six/-/number-six-1.0.1.tgz",
      "integrity": "sha512-827qpyvdWYtHzCrpTa7KE2q2w1LGV4zGF75NTiVSTlFiws6W8ogcyunguNMxmXKETItiMDAGKuFP2cGkoDKW7A==",
      "license": "MIT",
      "dependencies": {
        "sixteen-constant": "^1.0.0",
        "stevelib": "^1.0.0"
      }
    },
    "node_modules/number-zero": {
      "version": "1.0.3",
      "resolved": "https://registry.npmjs.org/number-zero/-/number-zero-1.0.3.tgz",
      "integrity": "sha512-6YL56eHS1uOILhwxk/d53W9vF1HHS0AjlH3WVw5b9xiMX59Sa7l4RD3AcKir46yrb2Rz/n+3Svu2tL7YOzAuvg==",
      "license": "ISC"
    },
    "node_modules/numeric-constant-three": {
      "version": "1.0.0",
      "resolved": "https://registry.npmjs.org/numeric-constant-three/-/numeric-constant-three-1.0.0.tgz",
      "integrity": "sha512-aVEQsTz+KFtydnGMQEk2O6VkI2y7pUnGpXjU4mJfaoizg6MyGePtioPKuniMMUTI8ejykChyCTOXwCVb7U9lnA==",
      "license": "UNLICENSED",
      "dependencies": {
        "successor": "^1.0.1",
        "two": "^1.0.7"
      }
    },
    "node_modules/ofn": {
      "version": "1.0.0",
      "resolved": "https://registry.npmjs.org/ofn/-/ofn-1.0.0.tgz",
      "integrity": "sha512-jcPbdrxmZ9BHCI6wuSR33picFQKORWuSQICXpU0XoeSMJ32sRMUdBNUHYgMl35pJoMB/UoW0q5TA7uWLp0nn8Q==",
      "license": "MIT",
      "dependencies": {
        "has-duplicates": "^1.0.0",
        "wfn": "^1.0.0"
      },
      "engines": {
        "node": ">=6.0.0"
      }
    },
    "node_modules/pfn": {
      "version": "1.1.0",
      "resolved": "https://registry.npmjs.org/pfn/-/pfn-1.1.0.tgz",
      "integrity": "sha512-jT+RH1+ZbL2G5dTGzpr02jd99DTYyC9cRghyrQZRAn4CypWH3K6WQpEeNbC4uHZu0P6sXR2eROnhK+RCxoOUJw==",
      "license": "MIT",
      "dependencies": {
        "is-nil": "^1.0.1"
      },
      "engines": {
        "node": ">=6.0.0"
      }
    },
    "node_modules/plainify": {
      "version": "1.0.0",
      "resolved": "https://registry.npmjs.org/plainify/-/plainify-1.0.0.tgz",
      "integrity": "sha512-z/JXOByYzJ7xs6MA3FLPhM7oS53SMrZWJCUdUlOBcq7e/X3kkxHmNNO1QEEtDnSZ8ZN4xIY0drALlCjLEVtIWA==",
      "license": "MIT",
      "dependencies": {
        "is-plain-object": "^2.0.4"
      },
      "engines": {
        "node": ">=4.0.0"
      }
    },
    "node_modules/qfn": {
      "version": "1.0.1",
      "resolved": "https://registry.npmjs.org/qfn/-/qfn-1.0.1.tgz",
      "integrity": "sha512-Ci2jl+ICwQGoNusUgJCToecm0IFryiT9vhTIW3Tew4t5I4ySTt8Be84bpAz9FqF+4uGKLvilHzmApszjCvExlw==",
      "license": "MIT",
      "dependencies": {
        "pfn": "^1.0.0",
        "wfn": "^1.0.0"
      },
      "engines": {
        "node": ">=6.0.0"
      }
    },
    "node_modules/random-number": {
      "version": "0.0.9",
      "resolved": "https://registry.npmjs.org/random-number/-/random-number-0.0.9.tgz",
      "integrity": "sha512-ipG3kRCREi/YQpi2A5QGcvDz1KemohovWmH6qGfboVyyGdR2t/7zQz0vFxrfxpbHQgPPdtVlUDaks3aikD1Ljw==",
      "license": "BSD-2-Clause"
    },
    "node_modules/safe-regex-test": {
      "version": "1.1.0",
      "resolved": "https://registry.npmjs.org/safe-regex-test/-/safe-regex-test-1.1.0.tgz",
      "integrity": "sha512-x/+Cz4YrimQxQccJf5mKEbIa1NzeCRNI5Ecl/ekmlYaampdNLPalVyIcCZNNH3MvmqBugV5TMYZXv0ljslUlaw==",
      "license": "MIT",
      "dependencies": {
        "call-bound": "^1.0.2",
        "es-errors": "^1.3.0",
        "is-regex": "^1.2.1"
      },
      "engines": {
        "node": ">= 0.4"
      },
      "funding": {
        "url": "https://github.com/sponsors/ljharb"
      }
    },
    "node_modules/sbo": {
      "version": "1.1.3",
      "resolved": "https://registry.npmjs.org/sbo/-/sbo-1.1.3.tgz",
      "integrity": "sha512-yEoPppneJ3AlDrs3SpJIZBX+JioAoWMEye4zB+tuF4yQhLKcY7WAdXmVzvUpWQestZFNFIJyiK0f30lkZucemg==",
      "license": "MIT",
      "dependencies": {
        "array-pad": "0.0.1",
        "ffn": "^2.1.0",
        "is-global-object": "^1.0.0",
        "is-nil": "^1.0.1",
        "is-object": "^1.0.2",
        "lodash.set": "^4.3.2",
        "ofn": "^1.0.0",
        "plainify": "^1.0.0",
        "wfn": "^1.0.0"
      },
      "engines": {
        "node": ">=6.0.0"
      }
    },
    "node_modules/se7en": {
      "version": "1.0.0",
      "resolved": "https://registry.npmjs.org/se7en/-/se7en-1.0.0.tgz",
      "integrity": "sha512-0rdyKToWsGnvDHwBK2+rIf3HUafoK5tatmg9SI9HskJ0kr4WuQc10CdDvY+CS1hEG1OCkWeNJ1yJyZEn4cfLVA==",
      "license": "UNLICENSED"
    },
    "node_modules/sixteen-constant": {
      "version": "1.0.0",
      "resolved": "https://registry.npmjs.org/sixteen-constant/-/sixteen-constant-1.0.0.tgz",
      "integrity": "sha512-jsDKUMRSf7foJdywvNRTgSHgAMsXuDaq7agpkAuLGUSjX86ho5HZ2/9t8+Zbi89H/cG/XkwkLJXXUpg+17OvSg==",
      "license": "MIT",
      "dependencies": {
        "fifteen-point-eight-three-five-two-six-six-eight-two-and-so-on": "^1.0.0"
      }
    },
    "node_modules/sorp": {
      "version": "1.0.0",
      "resolved": "https://registry.npmjs.org/sorp/-/sorp-1.0.0.tgz",
      "integrity": "sha512-iTeBVYTnKO4bsj4so0MnmCcIlIclZ2yWD37iudIFy0m9aRXvZVOf0r1JRvyUmj59UUtr+AUwC0TamseLmSDZgw==",
      "license": "MIT",
      "engines": {
        "node": ">=4.0.0"
      }
    },
    "node_modules/space-string": {
      "version": "1.0.0",
      "resolved": "https://registry.npmjs.org/space-string/-/space-string-1.0.0.tgz",
      "integrity": "sha512-7PHCaSVVmWLXo2fhCDyF/wc6ROiqUc061LERh0w4LnDTgKNcNofoDiPH8VgCu2fLJ9XupH/HX4gxHGAEs2CtDA==",
      "license": "MIT"
    },
    "node_modules/stevelib": {
      "version": "1.0.0",
      "resolved": "https://registry.npmjs.org/stevelib/-/stevelib-1.0.0.tgz",
      "integrity": "sha512-gfVqeTzYlZ6gLlj+KBpZAph8SZ+H9VHg3BrIklL81NAkwbNsJyicblx76RJ+fBTcNQgLeANgHWNZ+qiF5Guz+g==",
      "license": "MIT",
      "dependencies": {
        "libperson": "^1.0.0"
      }
    },
    "node_modules/string-creashaks": {
      "version": "1.0.0",
      "resolved": "https://registry.npmjs.org/string-creashaks/-/string-creashaks-1.0.0.tgz",
      "integrity": "sha512-4YqKtj2gEMWmqfidi4vkSSbFBxlzgBJUX/EIKqtaLNnXZDS34fd7eyDplHJh+uqjYSGIPxBWP7+tR22MM1U1rQ==",
      "license": "MIT",
      "dependencies": {
        "concatenater": "^0.0.5",
        "the-letter-a": "^1.0.0",
        "the-letter-c": "^1.0.0",
        "the-letter-e": "^1.0.0",
        "the-letter-h": "^1.0.0",
        "the-letter-k": "^1.0.0",
        "the-letter-r": "^1.0.0",
        "the-letter-s": "^1.0.0"
      }
    },
    "node_modules/string-creashaks-organzine": {
      "version": "1.0.0",
      "resolved": "https://registry.npmjs.org/string-creashaks-organzine/-/string-creashaks-organzine-1.0.0.tgz",
      "integrity": "sha512-ZSF8JAk2K2XKgAuTbBDjOEn2GYOqkYhGVZTi8vtN4vmpVVNlkbuM1mCRSHkdIxpJqetLcyTeJTNkD1QnRrUIPQ==",
      "license": "MIT",
      "dependencies": {
        "general-concat": "^1.0.0",
        "space-string": "^1.0.0",
        "string-creashaks": "^1.0.0",
        "string-organzine": "^1.0.0"
      }
    },
    "node_modules/string-organzine": {
      "version": "1.0.0",
      "resolved": "https://registry.npmjs.org/string-organzine/-/string-organzine-1.0.0.tgz",
      "integrity": "sha512-uBFAuyn+/q+eGzN1HmS2U9ymRa34Qa+6p3xP4R+ZuL113zkC3btNGwXiFYb6CErZDntUPQSqo0zfaMUWcJf4Vg==",
      "license": "MIT",
      "dependencies": {
        "concatenater": "^0.0.5",
        "letter-i": "^1.0.0",
        "letter-z": "^1.0.0",
        "the-letter-a": "^1.0.0",
        "the-letter-e": "^1.0.0",
        "the-letter-g": "^1.0.0",
        "the-letter-n": "^1.0.0",
        "the-letter-o": "^1.0.0",
        "the-letter-r": "^1.0.0"
      }
    },
    "node_modules/successor": {
      "version": "1.0.1",
      "resolved": "https://registry.npmjs.org/successor/-/successor-1.0.1.tgz",
      "integrity": "sha512-xKiQSxuJBTUIFhDYbkhw2yQR3C6igFo/+OYbLQDjLqtlpthn2TorUyQ0QMrwA8wdQQo8dQqDsibYQvedIsJxNA==",
      "license": "MIT",
      "dependencies": {
        "is-negative": "^2.1.0",
        "is-number": "^7.0.0",
        "true": "^0.0.4"
      }
    },
    "node_modules/supports-color": {
      "version": "7.2.0",
      "resolved": "https://registry.npmjs.org/supports-color/-/supports-color-7.2.0.tgz",
      "integrity": "sha512-qpCAvRl9stuOHveKsn7HncJRvv501qIacKzQlO/+Lwxc9+0q2wLyv4Dfvt80/DPn2pqOBsJdDiogXGR9+OvwRw==",
      "license": "MIT",
      "dependencies": {
        "has-flag": "^4.0.0"
      },
      "engines": {
        "node": ">=8"
      }
    },
    "node_modules/the-letter-a": {
      "version": "1.0.0",
      "resolved": "https://registry.npmjs.org/the-letter-a/-/the-letter-a-1.0.0.tgz",
      "integrity": "sha512-klOoo/VQl99ZpzB9nvEXM5SfzHJh8r2yrxU944eSV/0H+HO8D5QMrdfRe43yzH+0UzjZbjMSVO+jbR1J+iZA7w==",
      "license": "MIT"
    },
    "node_modules/the-letter-c": {
      "version": "1.0.0",
      "resolved": "https://registry.npmjs.org/the-letter-c/-/the-letter-c-1.0.0.tgz",
      "integrity": "sha512-BG9/T+WWbXnT0WF/Eor1P66xu6F6AQHzGx7tW1/gCU1ZNLY9IHmEORaWr5Zuf4Kps+jnOUR4gc11IOga+xRvPg==",
      "license": "MIT"
    },
    "node_modules/the-letter-e": {
      "version": "1.0.0",
      "resolved": "https://registry.npmjs.org/the-letter-e/-/the-letter-e-1.0.0.tgz",
      "integrity": "sha512-MQC4LxVbiI/F6wU+RbzgedNez8RhSRtG8wLKwEF3pOEsVH8SnqsHZM1Nuzq6tP2qa2jvB8WbCssMclGpt1r1WA==",
      "license": "MIT"
    },
    "node_modules/the-letter-g": {
      "version": "1.0.0",
      "resolved": "https://registry.npmjs.org/the-letter-g/-/the-letter-g-1.0.0.tgz",
      "integrity": "sha512-QtIgjAAgN0wesgNy6WmkAzdXgLkw+zW48NZ1ALZHqwB/GWxU6UPKt060RaUSicxONX3phPfBH8vWkbePCN6h7Q==",
      "license": "MIT"
    },
    "node_modules/the-letter-h": {
      "version": "1.0.0",
      "resolved": "https://registry.npmjs.org/the-letter-h/-/the-letter-h-1.0.0.tgz",
      "integrity": "sha512-VT2suZYhbxKmvMuqH6kJgjNVcpR6Sy5cjmFLdILotISJ45VUfpfVpqYxRxl51Z7U8Q0hvcvnCB83OsH7sLSPfg==",
      "license": "MIT"
    },
    "node_modules/the-letter-k": {
      "version": "1.0.0",
      "resolved": "https://registry.npmjs.org/the-letter-k/-/the-letter-k-1.0.0.tgz",
      "integrity": "sha512-FIYTezMaa2UMcE8DKhbQStMf4j+i02ReoIsEAT0W0vCq7QCmIu7RPxXaQxTCZUozO5sU2ITXC34w6kSiskfY9Q==",
      "license": "MIT"
    },
    "node_modules/the-letter-n": {
      "version": "1.0.0",
      "resolved": "https://registry.npmjs.org/the-letter-n/-/the-letter-n-1.0.0.tgz",
      "integrity": "sha512-1Yj7gnNoGUVP/mlpvENR0pDXD4agAfYN1J4xSkl1STYI8+3fELyeaAko/9VYoNMkgBSOnav42DJj2K3He1o3/A==",
      "license": "MIT"
    },
    "node_modules/the-letter-o": {
      "version": "1.0.0",
      "resolved": "https://registry.npmjs.org/the-letter-o/-/the-letter-o-1.0.0.tgz",
      "integrity": "sha512-hUelOXXA9TewA7LikWHHZpKIs5XeRJ34Q/VyYTG0zfGQl+gseSW8IEeLVAXnX5kDINlFUGNgKNoaND85FDjtEA==",
      "license": "MIT"
    },
    "node_modules/the-letter-r": {
      "version": "1.0.0",
      "resolved": "https://registry.npmjs.org/the-letter-r/-/the-letter-r-1.0.0.tgz",
      "integrity": "sha512-ysDGb5K3nHoM7wDz6bujPpo2v7RH4j4Rd3Gic90G+YhcPyHvrQY1IxQL1AfaT5eMOa1wiqhSfG+GTukvsd6+zw==",
      "license": "MIT"
    },
    "node_modules/the-letter-s": {
      "version": "1.0.0",
      "resolved": "https://registry.npmjs.org/the-letter-s/-/the-letter-s-1.0.0.tgz",
      "integrity": "sha512-HJuDTYmEwduqoydBa9X0uU6LU9rDx2xJk1iHJd6nENE93jqJHGeGyEXQZzokBtObccNokKTnO3tzAX7BT9yzVw==",
      "license": "MIT"
    },
    "node_modules/the-number-one": {
      "version": "1.0.1",
      "resolved": "https://registry.npmjs.org/the-number-one/-/the-number-one-1.0.1.tgz",
      "integrity": "sha512-gDOR0DbPQLlQGZ08didxsZ9iT42qGdex1MAToDdETOksmVDU/eoORx7ov7kgRKBYvocoRmebySuZZQTfoZ7+XA==",
      "license": "MIT"
    },
    "node_modules/throw-error": {
      "version": "1.0.0",
      "resolved": "https://registry.npmjs.org/throw-error/-/throw-error-1.0.0.tgz",
      "integrity": "sha512-dWOAILCeEfprOEKI97sADLHlnmXbJ08wE0JXO3KoPgJIaqpCxy54uGwR5uXotcCoP9STJVi0aG2VbRQ2FOD6VQ==",
      "license": "MIT",
      "dependencies": {
        "is-instance-of": "^1.0.1"
      },
      "engines": {
        "node": ">=6.0.0"
      }
    },
    "node_modules/to-str": {
      "version": "1.0.0",
      "resolved": "https://registry.npmjs.org/to-str/-/to-str-1.0.0.tgz",
      "integrity": "sha512-UETUWfNiPKGvdZ2nAmiTTmv583SivKIHB10J0qQQgfkWvSQXKtPeF+On7pejMaD2rqTIFWgXz25dPyzABAgIHw==",
      "license": "MIT",
      "dependencies": {
        "is-function": "^1.0.1",
        "is-nil": "^1.0.0",
        "is-object": "^1.0.1",
        "is-symbol": "^1.0.1"
      }
    },
    "node_modules/true": {
      "version": "0.0.4",
      "resolved": "https://registry.npmjs.org/true/-/true-0.0.4.tgz",
      "integrity": "sha512-e7hkFCda5y51OTE4eQHVPFbuljGnOpzrVcigGM5Pd9+Bw1bEsHCq3mVIm/z/O5Mh1bXtVPNxUV8oCl/dMunlRg==",
      "license": "Apache-2.0",
      "bin": {
        "true": "bin/cli.js"
      }
    },
    "node_modules/two": {
      "version": "1.0.7",
      "resolved": "https://registry.npmjs.org/two/-/two-1.0.7.tgz",
      "integrity": "sha512-51CvBH1aNZmWTrdox7Ylv38EVYM/QhJ8CxCi735j+YfSfq+JZ91Cd1UXp0JiVQ0iyurrt/gJqWGydZsoQgjWZQ==",
      "license": "MIT",
      "dependencies": {
        "lodash": "^4.17.21"
      }
    },
    "node_modules/typescript": {
      "version": "5.9.3",
      "resolved": "https://registry.npmjs.org/typescript/-/typescript-5.9.3.tgz",
      "integrity": "sha512-jl1vZzPDinLr9eUt3J/t7V6FgNEw9QjvBPdysz9KfQDD41fQrC2Y4vKQdiaUpFT4bXlb1RHhLpp8wtm6M5TgSw==",
      "dev": true,
      "license": "Apache-2.0",
      "bin": {
        "tsc": "bin/tsc",
        "tsserver": "bin/tsserver"
      },
      "engines": {
        "node": ">=14.17"
      }
    },
    "node_modules/undici-types": {
      "version": "7.16.0",
      "resolved": "https://registry.npmjs.org/undici-types/-/undici-types-7.16.0.tgz",
      "integrity": "sha512-Zz+aZWSj8LE6zoxD+xrjh4VfkIG8Ya6LvYkZqtUQGJPZjYl53ypCaUwWqo7eI0x66KBGeRo+mlBEkMSeSZ38Nw==",
      "dev": true,
      "license": "MIT"
    },
    "node_modules/vanilla-javascript": {
      "version": "1.1.6",
      "resolved": "https://registry.npmjs.org/vanilla-javascript/-/vanilla-javascript-1.1.6.tgz",
      "integrity": "sha512-wry8BlEUXvmRIGGcOhhqObC4f3y2abNPP6AGh7cSoTEJ1AZeVRxPjBfGzbFs8d+iSuzLg/n9AfHoH6RfwYNSsA==",
      "license": "MIT",
      "engines": {
        "node": ">=0.0.1"
      }
    },
    "node_modules/wfn": {
      "version": "1.0.0",
      "resolved": "https://registry.npmjs.org/wfn/-/wfn-1.0.0.tgz",
      "integrity": "sha512-oqi69SrZYlW66I/Bz4iJQ7V4E/uB0o776fW7KWbGaweTHvrtDUuemPkyEt7MgQeSnUs30NTSyqcbO4TT7/8SOw==",
      "license": "MIT",
      "dependencies": {
        "copy-own": "^1.0.0",
        "english-list": "^1.0.0",
        "sorp": "^1.0.0"
      },
      "engines": {
        "node": ">=6.0.0"
      }
    },
    "node_modules/yanoop": {
      "version": "1.0.0",
      "resolved": "https://registry.npmjs.org/yanoop/-/yanoop-1.0.0.tgz",
      "integrity": "sha512-P/Zkeo4BUlzLSMUO1P7yls8Bca/w6wlty/CUX5jplTW8Gc0MteQ6cu9fiI/jhxJ6FyPs1gi0dWTWwX5MeEM8IA==",
      "license": "MIT"
    }
  }
}
